
Microsoft Visual Studio Solution File, Format Version 11.00
# Visual Studio 2010
Project("{F2A71F9B-5D33-465A-A702-920D77279786}") = "P01to10", "P01to10\P01to10.fsproj", "{2BF2ECC4-EDFE-4E38-8073-12D7EC4AE127}"
EndProject
Project("{F2A71F9B-5D33-465A-A702-920D77279786}") = "P11to20", "P11to20\P11to20.fsproj", "{D3ABAAF7-AF38-48D9-9C1C-9997FC9690CF}"
EndProject
Project("{F2A71F9B-5D33-465A-A702-920D77279786}") = "P21to28", "P21to28\P21to28.fsproj", "{205C08FB-1425-4F84-B648-8A0CC2A57D85}"
EndProject
Project("{F2A71F9B-5D33-465A-A702-920D77279786}") = "P31to41", "P31to41\P31to41.fsproj", "{2B1B5FFE-A00A-471B-AAC2-0BA14F26E585}"
EndProject
Project("{F2A71F9B-5D33-465A-A702-920D77279786}") = "P46to50", "P46to50\P46to50.fsproj", "{F2436D9E-A651-441C-A617-5592F8EF9E29}"
EndProject
Project("{F2A71F9B-5D33-465A-A702-920D77279786}") = "P54Ato60", "P54Ato60\P54Ato60.fsproj", "{385510B1-4EB2-4C40-A0BA-DD438C1F26C7}"
EndProject
Project("{F2A71F9B-5D33-465A-A702-920D77279786}") = "P61to69", "P61to69\P61to69.fsproj", "{324C2056-9483-47C8-B474-206F22AA7DF0}"
EndProject
Project("{F2A71F9B-5D33-465A-A702-920D77279786}") = "P70Bto73", "P70Bto73\P70Bto73.fsproj", "{BD0F3315-86F2-49E7-BA36-69FDC440D712}"
EndProject
Project("{F2A71F9B-5D33-465A-A702-920D77279786}") = "P90to94", "P90to94\P90to94.fsproj", "{3AB1A5BF-E440-4E67-81B2-38E79F8D3252}"
EndProject
Project("{F2A71F9B-5D33-465A-A702-920D77279786}") = "P80to89", "P80to89\P80to89.fsproj", "{B2B1EFC3-F759-4E75-B398-E8ED11A5E1FD}"
EndProject
Project("{F2A71F9B-5D33-465A-A702-920D77279786}") = "P95to99", "P95to99\P95to99.fsproj", "{A10EA81A-B66E-46F7-BDBA-5E0A1B8527F8}"
EndProject
Project("{F2A71F9B-5D33-465A-A702-920D77279786}") = "P96", "P96\P96.fsproj", "{74FFDEAC-77B8-46FB-B8E6-D8F2D9187E7E}"
EndProject
Global
	GlobalSection(SolutionConfigurationPlatforms) = preSolution
		Debug|x86 = Debug|x86
		Release|x86 = Release|x86
	EndGlobalSection
	GlobalSection(ProjectConfigurationPlatforms) = postSolution
		{2BF2ECC4-EDFE-4E38-8073-12D7EC4AE127}.Debug|x86.ActiveCfg = Debug|x86
		{2BF2ECC4-EDFE-4E38-8073-12D7EC4AE127}.Debug|x86.Build.0 = Debug|x86
		{2BF2ECC4-EDFE-4E38-8073-12D7EC4AE127}.Release|x86.ActiveCfg = Release|x86
		{2BF2ECC4-EDFE-4E38-8073-12D7EC4AE127}.Release|x86.Build.0 = Release|x86
		{D3ABAAF7-AF38-48D9-9C1C-9997FC9690CF}.Debug|x86.ActiveCfg = Debug|x86
		{D3ABAAF7-AF38-48D9-9C1C-9997FC9690CF}.Debug|x86.Build.0 = Debug|x86
		{D3ABAAF7-AF38-48D9-9C1C-9997FC9690CF}.Release|x86.ActiveCfg = Release|x86
		{D3ABAAF7-AF38-48D9-9C1C-9997FC9690CF}.Release|x86.Build.0 = Release|x86
		{205C08FB-1425-4F84-B648-8A0CC2A57D85}.Debug|x86.ActiveCfg = Debug|x86
		{205C08FB-1425-4F84-B648-8A0CC2A57D85}.Debug|x86.Build.0 = Debug|x86
		{205C08FB-1425-4F84-B648-8A0CC2A57D85}.Release|x86.ActiveCfg = Release|x86
		{205C08FB-1425-4F84-B648-8A0CC2A57D85}.Release|x86.Build.0 = Release|x86
		{2B1B5FFE-A00A-471B-AAC2-0BA14F26E585}.Debug|x86.ActiveCfg = Debug|x86
		{2B1B5FFE-A00A-471B-AAC2-0BA14F26E585}.Debug|x86.Build.0 = Debug|x86
		{2B1B5FFE-A00A-471B-AAC2-0BA14F26E585}.Release|x86.ActiveCfg = Release|x86
		{2B1B5FFE-A00A-471B-AAC2-0BA14F26E585}.Release|x86.Build.0 = Release|x86
		{F2436D9E-A651-441C-A617-5592F8EF9E29}.Debug|x86.ActiveCfg = Debug|x86
		{F2436D9E-A651-441C-A617-5592F8EF9E29}.Debug|x86.Build.0 = Debug|x86
		{F2436D9E-A651-441C-A617-5592F8EF9E29}.Release|x86.ActiveCfg = Release|x86
		{F2436D9E-A651-441C-A617-5592F8EF9E29}.Release|x86.Build.0 = Release|x86
		{385510B1-4EB2-4C40-A0BA-DD438C1F26C7}.Debug|x86.ActiveCfg = Debug|x86
		{385510B1-4EB2-4C40-A0BA-DD438C1F26C7}.Debug|x86.Build.0 = Debug|x86
		{385510B1-4EB2-4C40-A0BA-DD438C1F26C7}.Release|x86.ActiveCfg = Release|x86
		{385510B1-4EB2-4C40-A0BA-DD438C1F26C7}.Release|x86.Build.0 = Release|x86
		{324C2056-9483-47C8-B474-206F22AA7DF0}.Debug|x86.ActiveCfg = Debug|x86
		{324C2056-9483-47C8-B474-206F22AA7DF0}.Debug|x86.Build.0 = Debug|x86
		{324C2056-9483-47C8-B474-206F22AA7DF0}.Release|x86.ActiveCfg = Release|x86
		{324C2056-9483-47C8-B474-206F22AA7DF0}.Release|x86.Build.0 = Release|x86
		{BD0F3315-86F2-49E7-BA36-69FDC440D712}.Debug|x86.ActiveCfg = Debug|x86
		{BD0F3315-86F2-49E7-BA36-69FDC440D712}.Debug|x86.Build.0 = Debug|x86
		{BD0F3315-86F2-49E7-BA36-69FDC440D712}.Release|x86.ActiveCfg = Release|x86
		{BD0F3315-86F2-49E7-BA36-69FDC440D712}.Release|x86.Build.0 = Release|x86
		{3AB1A5BF-E440-4E67-81B2-38E79F8D3252}.Debug|x86.ActiveCfg = Debug|x86
		{3AB1A5BF-E440-4E67-81B2-38E79F8D3252}.Debug|x86.Build.0 = Debug|x86
		{3AB1A5BF-E440-4E67-81B2-38E79F8D3252}.Release|x86.ActiveCfg = Release|x86
		{3AB1A5BF-E440-4E67-81B2-38E79F8D3252}.Release|x86.Build.0 = Release|x86
		{B2B1EFC3-F759-4E75-B398-E8ED11A5E1FD}.Debug|x86.ActiveCfg = Debug|x86
		{B2B1EFC3-F759-4E75-B398-E8ED11A5E1FD}.Debug|x86.Build.0 = Debug|x86
		{B2B1EFC3-F759-4E75-B398-E8ED11A5E1FD}.Release|x86.ActiveCfg = Release|x86
		{B2B1EFC3-F759-4E75-B398-E8ED11A5E1FD}.Release|x86.Build.0 = Release|x86
		{A10EA81A-B66E-46F7-BDBA-5E0A1B8527F8}.Debug|x86.ActiveCfg = Debug|x86
		{A10EA81A-B66E-46F7-BDBA-5E0A1B8527F8}.Debug|x86.Build.0 = Debug|x86
		{A10EA81A-B66E-46F7-BDBA-5E0A1B8527F8}.Release|x86.ActiveCfg = Release|x86
		{A10EA81A-B66E-46F7-BDBA-5E0A1B8527F8}.Release|x86.Build.0 = Release|x86
		{74FFDEAC-77B8-46FB-B8E6-D8F2D9187E7E}.Debug|x86.ActiveCfg = Debug|x86
		{74FFDEAC-77B8-46FB-B8E6-D8F2D9187E7E}.Debug|x86.Build.0 = Debug|x86
		{74FFDEAC-77B8-46FB-B8E6-D8F2D9187E7E}.Release|x86.ActiveCfg = Release|x86
		{74FFDEAC-77B8-46FB-B8E6-D8F2D9187E7E}.Release|x86.Build.0 = Release|x86
	EndGlobalSection
	GlobalSection(SolutionProperties) = preSolution
		HideSolutionNode = FALSE
	EndGlobalSection
EndGlobal
